// !$*UTF8*$!
{
	archiveVersion = 1;
	classes = {
	};
	objectVersion = 56;
	objects = {

/* Begin PBXBuildFile section */
		4322D8802C7476B800CF6B67 /* CircularTextView.swift in Sources */ = {isa = PBXBuildFile; fileRef = 4322D87E2C7476B800CF6B67 /* CircularTextView.swift */; };
		4322D8812C7476B800CF6B67 /* CircularAlert.swift in Sources */ = {isa = PBXBuildFile; fileRef = 4322D87F2C7476B800CF6B67 /* CircularAlert.swift */; };
		4322D8842C7477A900CF6B67 /* AlertType.swift in Sources */ = {isa = PBXBuildFile; fileRef = 4322D8822C7477A800CF6B67 /* AlertType.swift */; };
		4322D8852C7477A900CF6B67 /* AlertView.swift in Sources */ = {isa = PBXBuildFile; fileRef = 4322D8832C7477A900CF6B67 /* AlertView.swift */; };
		4322D8872C7483F000CF6B67 /* MainView.swift in Sources */ = {isa = PBXBuildFile; fileRef = 4322D8862C7483F000CF6B67 /* MainView.swift */; };
		4322D8892C74842C00CF6B67 /* ClickToStartView.swift in Sources */ = {isa = PBXBuildFile; fileRef = 4322D8882C74842C00CF6B67 /* ClickToStartView.swift */; };
		4322D88B2C75730600CF6B67 /* bpmViewVM.swift in Sources */ = {isa = PBXBuildFile; fileRef = 4322D88A2C75730600CF6B67 /* bpmViewVM.swift */; };
		432985792C6F9E0400833788 /* Create.swift in Sources */ = {isa = PBXBuildFile; fileRef = 432985782C6F9E0400833788 /* Create.swift */; };
		4329857C2C6FA21A00833788 /* Button.swift in Sources */ = {isa = PBXBuildFile; fileRef = 4329857B2C6FA21A00833788 /* Button.swift */; };
		432985802C70417D00833788 /* texts.swift in Sources */ = {isa = PBXBuildFile; fileRef = 4329857F2C70417D00833788 /* texts.swift */; };
		432985822C70421700833788 /* SwiftUIView.swift in Sources */ = {isa = PBXBuildFile; fileRef = 432985812C70421700833788 /* SwiftUIView.swift */; };
		432985842C7042A400833788 /* passwordTextBox.swift in Sources */ = {isa = PBXBuildFile; fileRef = 432985832C7042A400833788 /* passwordTextBox.swift */; };
		432985862C7042CB00833788 /* Join.swift in Sources */ = {isa = PBXBuildFile; fileRef = 432985852C7042CB00833788 /* Join.swift */; };
		432985882C70489B00833788 /* passwordField.swift in Sources */ = {isa = PBXBuildFile; fileRef = 432985872C70489B00833788 /* passwordField.swift */; };
		4329858A2C70495100833788 /* moveToWatch.swift in Sources */ = {isa = PBXBuildFile; fileRef = 432985892C70495100833788 /* moveToWatch.swift */; };
		437DC5302C7332DC0096DA83 /* healthkitManager.swift in Sources */ = {isa = PBXBuildFile; fileRef = 437DC52F2C7332DC0096DA83 /* healthkitManager.swift */; };
		437DC5322C73334B0096DA83 /* heartRateManager.swift in Sources */ = {isa = PBXBuildFile; fileRef = 437DC5312C73334B0096DA83 /* heartRateManager.swift */; };
		437DC5342C7333710096DA83 /* heartRateModel.swift in Sources */ = {isa = PBXBuildFile; fileRef = 437DC5332C7333710096DA83 /* heartRateModel.swift */; };
		437DC5362C7333900096DA83 /* heartRateVM.swift in Sources */ = {isa = PBXBuildFile; fileRef = 437DC5352C7333900096DA83 /* heartRateVM.swift */; };
		437DC5392C7339EC0096DA83 /* bpmView.swift in Sources */ = {isa = PBXBuildFile; fileRef = 437DC5382C7339EC0096DA83 /* bpmView.swift */; };
		43F945C52C72297D00599111 /* VerficationCodeView.swift in Sources */ = {isa = PBXBuildFile; fileRef = 43F945C42C72297D00599111 /* VerficationCodeView.swift */; };
		43F945C72C72298500599111 /* VerficationTextField.swift in Sources */ = {isa = PBXBuildFile; fileRef = 43F945C62C72298500599111 /* VerficationTextField.swift */; };
		713234752C69B04000C1AC5D /* Exercise_for_ElderlyApp.swift in Sources */ = {isa = PBXBuildFile; fileRef = 713234742C69B04000C1AC5D /* Exercise_for_ElderlyApp.swift */; };
		713234772C69B04000C1AC5D /* ContentView.swift in Sources */ = {isa = PBXBuildFile; fileRef = 713234762C69B04000C1AC5D /* ContentView.swift */; };
		713234792C69B04100C1AC5D /* Assets.xcassets in Resources */ = {isa = PBXBuildFile; fileRef = 713234782C69B04100C1AC5D /* Assets.xcassets */; };
		7132347C2C69B04100C1AC5D /* Preview Assets.xcassets in Resources */ = {isa = PBXBuildFile; fileRef = 7132347B2C69B04100C1AC5D /* Preview Assets.xcassets */; };
		7132348C2C69B2BC00C1AC5D /* User.swift in Sources */ = {isa = PBXBuildFile; fileRef = 7132348B2C69B2BC00C1AC5D /* User.swift */; };
		713234902C69B6E000C1AC5D /* UserController.swift in Sources */ = {isa = PBXBuildFile; fileRef = 7132348F2C69B6E000C1AC5D /* UserController.swift */; };
		713234942C69B99F00C1AC5D /* EventController.swift in Sources */ = {isa = PBXBuildFile; fileRef = 713234932C69B99F00C1AC5D /* EventController.swift */; };
		713234962C69BA3B00C1AC5D /* (null) in Sources */ = {isa = PBXBuildFile; };
		713234982C69BEC200C1AC5D /* (null) in Sources */ = {isa = PBXBuildFile; };
		7132349A2C69C07B00C1AC5D /* (null) in Sources */ = {isa = PBXBuildFile; };
		713BF7322C71A082008C0CED /* GoogleService-Info.plist in Resources */ = {isa = PBXBuildFile; fileRef = 713BF7312C71A082008C0CED /* GoogleService-Info.plist */; };
		713BF7342C71AAD3008C0CED /* FirebaseService.swift in Sources */ = {isa = PBXBuildFile; fileRef = 713BF7332C71AAD3008C0CED /* FirebaseService.swift */; };
		713BF7362C71AB3C008C0CED /* ExerciseRoom.swift in Sources */ = {isa = PBXBuildFile; fileRef = 713BF7352C71AB3C008C0CED /* ExerciseRoom.swift */; };
		713BF7382C71AE77008C0CED /* TestAPIView.swift in Sources */ = {isa = PBXBuildFile; fileRef = 713BF7372C71AE77008C0CED /* TestAPIView.swift */; };
		713BF73A2C71B493008C0CED /* ExerciseRoomViewModel.swift in Sources */ = {isa = PBXBuildFile; fileRef = 713BF7392C71B493008C0CED /* ExerciseRoomViewModel.swift */; };
		714F3ED02C719264004A1CA4 /* ExerciseWatchApp.swift in Sources */ = {isa = PBXBuildFile; fileRef = 714F3ECF2C719264004A1CA4 /* ExerciseWatchApp.swift */; };
		714F3ED22C719264004A1CA4 /* ContentView.swift in Sources */ = {isa = PBXBuildFile; fileRef = 714F3ED12C719264004A1CA4 /* ContentView.swift */; };
		714F3ED42C719266004A1CA4 /* Assets.xcassets in Resources */ = {isa = PBXBuildFile; fileRef = 714F3ED32C719266004A1CA4 /* Assets.xcassets */; };
		714F3ED72C719266004A1CA4 /* Preview Assets.xcassets in Resources */ = {isa = PBXBuildFile; fileRef = 714F3ED62C719266004A1CA4 /* Preview Assets.xcassets */; };
		714F3EDA2C719266004A1CA4 /* ExerciseWatch Watch App.app in Embed Watch Content */ = {isa = PBXBuildFile; fileRef = 714F3ECD2C719264004A1CA4 /* ExerciseWatch Watch App.app */; settings = {ATTRIBUTES = (RemoveHeadersOnCopy, ); }; };
		C7EADADEEDC1F949DF94CA2B /* Pods_ExerciseWatch_Watch_App.framework in Frameworks */ = {isa = PBXBuildFile; fileRef = 0DBF93FA36EA5089DEA2394A /* Pods_ExerciseWatch_Watch_App.framework */; };
		D6328D842C71E43C00CA6ACC /* SignInAppleID.swift in Sources */ = {isa = PBXBuildFile; fileRef = D6328D832C71E43C00CA6ACC /* SignInAppleID.swift */; };
		D6640C212C71E47D008B766C /* ShowAgeInformation.swift in Sources */ = {isa = PBXBuildFile; fileRef = D6640C202C71E47D008B766C /* ShowAgeInformation.swift */; };
		D6640C232C71E4B4008B766C /* MenuPage.swift in Sources */ = {isa = PBXBuildFile; fileRef = D6640C222C71E4B4008B766C /* MenuPage.swift */; };
		D6640C252C71E4F0008B766C /* ExtensionColor.swift in Sources */ = {isa = PBXBuildFile; fileRef = D6640C242C71E4F0008B766C /* ExtensionColor.swift */; };
		D67D3CA62C7481CC000BE67F /* HealthUserData.swift in Sources */ = {isa = PBXBuildFile; fileRef = D67D3CA52C7481CC000BE67F /* HealthUserData.swift */; };
		FF3EF19AD1633EBD1FCB32BD /* Pods_Exercise_for_Elderly.framework in Frameworks */ = {isa = PBXBuildFile; fileRef = 263A1B3E67990B818DAF5A57 /* Pods_Exercise_for_Elderly.framework */; };
/* End PBXBuildFile section */

/* Begin PBXContainerItemProxy section */
		714F3ED82C719266004A1CA4 /* PBXContainerItemProxy */ = {
			isa = PBXContainerItemProxy;
			containerPortal = 713234692C69B04000C1AC5D /* Project object */;
			proxyType = 1;
			remoteGlobalIDString = 714F3ECC2C719264004A1CA4;
			remoteInfo = "ExerciseWatch Watch App";
		};
/* End PBXContainerItemProxy section */

/* Begin PBXCopyFilesBuildPhase section */
		714F3EDE2C719266004A1CA4 /* Embed Watch Content */ = {
			isa = PBXCopyFilesBuildPhase;
			buildActionMask = 2147483647;
			dstPath = "$(CONTENTS_FOLDER_PATH)/Watch";
			dstSubfolderSpec = 16;
			files = (
				714F3EDA2C719266004A1CA4 /* ExerciseWatch Watch App.app in Embed Watch Content */,
			);
			name = "Embed Watch Content";
			runOnlyForDeploymentPostprocessing = 0;
		};
/* End PBXCopyFilesBuildPhase section */

/* Begin PBXFileReference section */
		0DBF93FA36EA5089DEA2394A /* Pods_ExerciseWatch_Watch_App.framework */ = {isa = PBXFileReference; explicitFileType = wrapper.framework; includeInIndex = 0; path = Pods_ExerciseWatch_Watch_App.framework; sourceTree = BUILT_PRODUCTS_DIR; };
		18A61F23A3364ED073660D3A /* Pods-Exercise-for-Elderly.debug.xcconfig */ = {isa = PBXFileReference; includeInIndex = 1; lastKnownFileType = text.xcconfig; name = "Pods-Exercise-for-Elderly.debug.xcconfig"; path = "Target Support Files/Pods-Exercise-for-Elderly/Pods-Exercise-for-Elderly.debug.xcconfig"; sourceTree = "<group>"; };
		263A1B3E67990B818DAF5A57 /* Pods_Exercise_for_Elderly.framework */ = {isa = PBXFileReference; explicitFileType = wrapper.framework; includeInIndex = 0; path = Pods_Exercise_for_Elderly.framework; sourceTree = BUILT_PRODUCTS_DIR; };
		2CF47B5AEBA4142374464341 /* Pods-ExerciseWatch Watch App.debug.xcconfig */ = {isa = PBXFileReference; includeInIndex = 1; lastKnownFileType = text.xcconfig; name = "Pods-ExerciseWatch Watch App.debug.xcconfig"; path = "Target Support Files/Pods-ExerciseWatch Watch App/Pods-ExerciseWatch Watch App.debug.xcconfig"; sourceTree = "<group>"; };
		4292215A524314A5D43D3D30 /* Pods-ExerciseWatch Watch App.release.xcconfig */ = {isa = PBXFileReference; includeInIndex = 1; lastKnownFileType = text.xcconfig; name = "Pods-ExerciseWatch Watch App.release.xcconfig"; path = "Target Support Files/Pods-ExerciseWatch Watch App/Pods-ExerciseWatch Watch App.release.xcconfig"; sourceTree = "<group>"; };
		4322D87E2C7476B800CF6B67 /* CircularTextView.swift */ = {isa = PBXFileReference; fileEncoding = 4; lastKnownFileType = sourcecode.swift; path = CircularTextView.swift; sourceTree = "<group>"; };
		4322D87F2C7476B800CF6B67 /* CircularAlert.swift */ = {isa = PBXFileReference; fileEncoding = 4; lastKnownFileType = sourcecode.swift; path = CircularAlert.swift; sourceTree = "<group>"; };
		4322D8822C7477A800CF6B67 /* AlertType.swift */ = {isa = PBXFileReference; fileEncoding = 4; lastKnownFileType = sourcecode.swift; path = AlertType.swift; sourceTree = "<group>"; };
		4322D8832C7477A900CF6B67 /* AlertView.swift */ = {isa = PBXFileReference; fileEncoding = 4; lastKnownFileType = sourcecode.swift; path = AlertView.swift; sourceTree = "<group>"; };
		4322D8862C7483F000CF6B67 /* MainView.swift */ = {isa = PBXFileReference; fileEncoding = 4; lastKnownFileType = sourcecode.swift; path = MainView.swift; sourceTree = "<group>"; };
		4322D8882C74842C00CF6B67 /* ClickToStartView.swift */ = {isa = PBXFileReference; fileEncoding = 4; lastKnownFileType = sourcecode.swift; path = ClickToStartView.swift; sourceTree = "<group>"; };
		4322D88A2C75730600CF6B67 /* bpmViewVM.swift */ = {isa = PBXFileReference; lastKnownFileType = sourcecode.swift; path = bpmViewVM.swift; sourceTree = "<group>"; };
		432985782C6F9E0400833788 /* Create.swift */ = {isa = PBXFileReference; lastKnownFileType = sourcecode.swift; path = Create.swift; sourceTree = "<group>"; };
		4329857B2C6FA21A00833788 /* Button.swift */ = {isa = PBXFileReference; lastKnownFileType = sourcecode.swift; path = Button.swift; sourceTree = "<group>"; };
		4329857F2C70417D00833788 /* texts.swift */ = {isa = PBXFileReference; lastKnownFileType = sourcecode.swift; path = texts.swift; sourceTree = "<group>"; };
		432985812C70421700833788 /* SwiftUIView.swift */ = {isa = PBXFileReference; lastKnownFileType = sourcecode.swift; path = SwiftUIView.swift; sourceTree = "<group>"; };
		432985832C7042A400833788 /* passwordTextBox.swift */ = {isa = PBXFileReference; lastKnownFileType = sourcecode.swift; path = passwordTextBox.swift; sourceTree = "<group>"; };
		432985852C7042CB00833788 /* Join.swift */ = {isa = PBXFileReference; lastKnownFileType = sourcecode.swift; path = Join.swift; sourceTree = "<group>"; };
		432985872C70489B00833788 /* passwordField.swift */ = {isa = PBXFileReference; lastKnownFileType = sourcecode.swift; path = passwordField.swift; sourceTree = "<group>"; };
		432985892C70495100833788 /* moveToWatch.swift */ = {isa = PBXFileReference; lastKnownFileType = sourcecode.swift; path = moveToWatch.swift; sourceTree = "<group>"; };
		437DC52F2C7332DC0096DA83 /* healthkitManager.swift */ = {isa = PBXFileReference; lastKnownFileType = sourcecode.swift; path = healthkitManager.swift; sourceTree = "<group>"; };
		437DC5312C73334B0096DA83 /* heartRateManager.swift */ = {isa = PBXFileReference; lastKnownFileType = sourcecode.swift; path = heartRateManager.swift; sourceTree = "<group>"; };
		437DC5332C7333710096DA83 /* heartRateModel.swift */ = {isa = PBXFileReference; lastKnownFileType = sourcecode.swift; path = heartRateModel.swift; sourceTree = "<group>"; };
		437DC5352C7333900096DA83 /* heartRateVM.swift */ = {isa = PBXFileReference; lastKnownFileType = sourcecode.swift; path = heartRateVM.swift; sourceTree = "<group>"; };
		437DC5372C7335E70096DA83 /* ExerciseWatch Watch App.entitlements */ = {isa = PBXFileReference; lastKnownFileType = text.plist.entitlements; path = "ExerciseWatch Watch App.entitlements"; sourceTree = "<group>"; };
		437DC5382C7339EC0096DA83 /* bpmView.swift */ = {isa = PBXFileReference; lastKnownFileType = sourcecode.swift; path = bpmView.swift; sourceTree = "<group>"; };
		43F945C42C72297D00599111 /* VerficationCodeView.swift */ = {isa = PBXFileReference; fileEncoding = 4; lastKnownFileType = sourcecode.swift; path = VerficationCodeView.swift; sourceTree = "<group>"; };
		43F945C62C72298500599111 /* VerficationTextField.swift */ = {isa = PBXFileReference; fileEncoding = 4; lastKnownFileType = sourcecode.swift; path = VerficationTextField.swift; sourceTree = "<group>"; };
		713234712C69B04000C1AC5D /* Exercise-for-Elderly.app */ = {isa = PBXFileReference; explicitFileType = wrapper.application; includeInIndex = 0; path = "Exercise-for-Elderly.app"; sourceTree = BUILT_PRODUCTS_DIR; };
		713234742C69B04000C1AC5D /* Exercise_for_ElderlyApp.swift */ = {isa = PBXFileReference; lastKnownFileType = sourcecode.swift; path = Exercise_for_ElderlyApp.swift; sourceTree = "<group>"; };
		713234762C69B04000C1AC5D /* ContentView.swift */ = {isa = PBXFileReference; lastKnownFileType = sourcecode.swift; path = ContentView.swift; sourceTree = "<group>"; };
		713234782C69B04100C1AC5D /* Assets.xcassets */ = {isa = PBXFileReference; lastKnownFileType = folder.assetcatalog; path = Assets.xcassets; sourceTree = "<group>"; };
		7132347B2C69B04100C1AC5D /* Preview Assets.xcassets */ = {isa = PBXFileReference; lastKnownFileType = folder.assetcatalog; path = "Preview Assets.xcassets"; sourceTree = "<group>"; };
		7132348B2C69B2BC00C1AC5D /* User.swift */ = {isa = PBXFileReference; lastKnownFileType = sourcecode.swift; path = User.swift; sourceTree = "<group>"; };
		7132348F2C69B6E000C1AC5D /* UserController.swift */ = {isa = PBXFileReference; lastKnownFileType = sourcecode.swift; path = UserController.swift; sourceTree = "<group>"; };
		713234932C69B99F00C1AC5D /* EventController.swift */ = {isa = PBXFileReference; lastKnownFileType = sourcecode.swift; path = EventController.swift; sourceTree = "<group>"; };
		713BF7312C71A082008C0CED /* GoogleService-Info.plist */ = {isa = PBXFileReference; fileEncoding = 4; lastKnownFileType = text.plist.xml; path = "GoogleService-Info.plist"; sourceTree = "<group>"; };
		713BF7332C71AAD3008C0CED /* FirebaseService.swift */ = {isa = PBXFileReference; lastKnownFileType = sourcecode.swift; path = FirebaseService.swift; sourceTree = "<group>"; };
		713BF7352C71AB3C008C0CED /* ExerciseRoom.swift */ = {isa = PBXFileReference; lastKnownFileType = sourcecode.swift; path = ExerciseRoom.swift; sourceTree = "<group>"; };
		713BF7372C71AE77008C0CED /* TestAPIView.swift */ = {isa = PBXFileReference; lastKnownFileType = sourcecode.swift; path = TestAPIView.swift; sourceTree = "<group>"; };
		713BF7392C71B493008C0CED /* ExerciseRoomViewModel.swift */ = {isa = PBXFileReference; lastKnownFileType = sourcecode.swift; path = ExerciseRoomViewModel.swift; sourceTree = "<group>"; };
		714F3ECD2C719264004A1CA4 /* ExerciseWatch Watch App.app */ = {isa = PBXFileReference; explicitFileType = wrapper.application; includeInIndex = 0; path = "ExerciseWatch Watch App.app"; sourceTree = BUILT_PRODUCTS_DIR; };
		714F3ECF2C719264004A1CA4 /* ExerciseWatchApp.swift */ = {isa = PBXFileReference; lastKnownFileType = sourcecode.swift; path = ExerciseWatchApp.swift; sourceTree = "<group>"; };
		714F3ED12C719264004A1CA4 /* ContentView.swift */ = {isa = PBXFileReference; lastKnownFileType = sourcecode.swift; path = ContentView.swift; sourceTree = "<group>"; };
		714F3ED32C719266004A1CA4 /* Assets.xcassets */ = {isa = PBXFileReference; lastKnownFileType = folder.assetcatalog; path = Assets.xcassets; sourceTree = "<group>"; };
		714F3ED62C719266004A1CA4 /* Preview Assets.xcassets */ = {isa = PBXFileReference; lastKnownFileType = folder.assetcatalog; path = "Preview Assets.xcassets"; sourceTree = "<group>"; };
		715EE4692C6D645600803178 /* Exercise-for-Elderly.entitlements */ = {isa = PBXFileReference; lastKnownFileType = text.plist.entitlements; path = "Exercise-for-Elderly.entitlements"; sourceTree = "<group>"; };
		9B585AE939309398B0CF4F82 /* Pods-Exercise-for-Elderly.release.xcconfig */ = {isa = PBXFileReference; includeInIndex = 1; lastKnownFileType = text.xcconfig; name = "Pods-Exercise-for-Elderly.release.xcconfig"; path = "Target Support Files/Pods-Exercise-for-Elderly/Pods-Exercise-for-Elderly.release.xcconfig"; sourceTree = "<group>"; };
		D6328D832C71E43C00CA6ACC /* SignInAppleID.swift */ = {isa = PBXFileReference; lastKnownFileType = sourcecode.swift; path = SignInAppleID.swift; sourceTree = "<group>"; };
		D6640C202C71E47D008B766C /* ShowAgeInformation.swift */ = {isa = PBXFileReference; lastKnownFileType = sourcecode.swift; path = ShowAgeInformation.swift; sourceTree = "<group>"; };
		D6640C222C71E4B4008B766C /* MenuPage.swift */ = {isa = PBXFileReference; lastKnownFileType = sourcecode.swift; path = MenuPage.swift; sourceTree = "<group>"; };
		D6640C242C71E4F0008B766C /* ExtensionColor.swift */ = {isa = PBXFileReference; lastKnownFileType = sourcecode.swift; name = ExtensionColor.swift; path = "Exercise-for-Elderly/View/Page/ExtensionColor.swift"; sourceTree = SOURCE_ROOT; };
		D67D3CA52C7481CC000BE67F /* HealthUserData.swift */ = {isa = PBXFileReference; lastKnownFileType = sourcecode.swift; path = HealthUserData.swift; sourceTree = "<group>"; };
/* End PBXFileReference section */

/* Begin PBXFrameworksBuildPhase section */
		7132346E2C69B04000C1AC5D /* Frameworks */ = {
			isa = PBXFrameworksBuildPhase;
			buildActionMask = 2147483647;
			files = (
				FF3EF19AD1633EBD1FCB32BD /* Pods_Exercise_for_Elderly.framework in Frameworks */,
			);
			runOnlyForDeploymentPostprocessing = 0;
		};
		714F3ECA2C719264004A1CA4 /* Frameworks */ = {
			isa = PBXFrameworksBuildPhase;
			buildActionMask = 2147483647;
			files = (
				C7EADADEEDC1F949DF94CA2B /* Pods_ExerciseWatch_Watch_App.framework in Frameworks */,
			);
			runOnlyForDeploymentPostprocessing = 0;
		};
/* End PBXFrameworksBuildPhase section */

/* Begin PBXGroup section */
		3930A39B68B38C533E5AF283 /* Pods */ = {
			isa = PBXGroup;
			children = (
				18A61F23A3364ED073660D3A /* Pods-Exercise-for-Elderly.debug.xcconfig */,
				9B585AE939309398B0CF4F82 /* Pods-Exercise-for-Elderly.release.xcconfig */,
				2CF47B5AEBA4142374464341 /* Pods-ExerciseWatch Watch App.debug.xcconfig */,
				4292215A524314A5D43D3D30 /* Pods-ExerciseWatch Watch App.release.xcconfig */,
			);
			path = Pods;
			sourceTree = "<group>";
		};
		4322D8792C7475CB00CF6B67 /* ModelView */ = {
			isa = PBXGroup;
			children = (
				437DC5352C7333900096DA83 /* heartRateVM.swift */,
				4322D88A2C75730600CF6B67 /* bpmViewVM.swift */,
			);
			path = ModelView;
			sourceTree = "<group>";
		};
		4322D87A2C7475DA00CF6B67 /* Model */ = {
			isa = PBXGroup;
			children = (
				437DC5332C7333710096DA83 /* heartRateModel.swift */,
			);
			path = Model;
			sourceTree = "<group>";
		};
		4322D87B2C7475FC00CF6B67 /* View */ = {
			isa = PBXGroup;
			children = (
				4322D87D2C74763600CF6B67 /* Component */,
			);
			path = View;
			sourceTree = "<group>";
		};
		4322D87C2C74761300CF6B67 /* Services */ = {
			isa = PBXGroup;
			children = (
				437DC52F2C7332DC0096DA83 /* healthkitManager.swift */,
				437DC5312C73334B0096DA83 /* heartRateManager.swift */,
			);
			path = Services;
			sourceTree = "<group>";
		};
		4322D87D2C74763600CF6B67 /* Component */ = {
			isa = PBXGroup;
			children = (
				4322D87F2C7476B800CF6B67 /* CircularAlert.swift */,
				4322D87E2C7476B800CF6B67 /* CircularTextView.swift */,
				4322D8822C7477A800CF6B67 /* AlertType.swift */,
				4322D8832C7477A900CF6B67 /* AlertView.swift */,
				4322D8882C74842C00CF6B67 /* ClickToStartView.swift */,
			);
			path = Component;
			sourceTree = "<group>";
		};
		4329857A2C6FA20F00833788 /* Component */ = {
			isa = PBXGroup;
			children = (
				4329857B2C6FA21A00833788 /* Button.swift */,
				4329857F2C70417D00833788 /* texts.swift */,
				432985812C70421700833788 /* SwiftUIView.swift */,
				43F945C42C72297D00599111 /* VerficationCodeView.swift */,
				43F945C62C72298500599111 /* VerficationTextField.swift */,
				432985832C7042A400833788 /* passwordTextBox.swift */,
				432985872C70489B00833788 /* passwordField.swift */,
			);
			path = Component;
			sourceTree = "<group>";
		};
		713234682C69B04000C1AC5D = {
			isa = PBXGroup;
			children = (
				713234732C69B04000C1AC5D /* Exercise-for-Elderly */,
				714F3ECE2C719264004A1CA4 /* ExerciseWatch Watch App */,
				713234722C69B04000C1AC5D /* Products */,
				3930A39B68B38C533E5AF283 /* Pods */,
				A313BCB9AC84CFF85A135737 /* Frameworks */,
			);
			sourceTree = "<group>";
		};
		713234722C69B04000C1AC5D /* Products */ = {
			isa = PBXGroup;
			children = (
				713234712C69B04000C1AC5D /* Exercise-for-Elderly.app */,
				714F3ECD2C719264004A1CA4 /* ExerciseWatch Watch App.app */,
			);
			name = Products;
			sourceTree = "<group>";
		};
		713234732C69B04000C1AC5D /* Exercise-for-Elderly */ = {
			isa = PBXGroup;
			children = (
				713BF7312C71A082008C0CED /* GoogleService-Info.plist */,
				715EE4692C6D645600803178 /* Exercise-for-Elderly.entitlements */,
				7132348A2C69B28D00C1AC5D /* Controller */,
				713234872C69B17E00C1AC5D /* Extension */,
				713234862C69B17600C1AC5D /* Helper */,
				713234852C69B16A00C1AC5D /* Service */,
				713234842C69B15E00C1AC5D /* ViewModel */,
				713234832C69B15000C1AC5D /* Model */,
				713234822C69B14700C1AC5D /* View */,
				713234782C69B04100C1AC5D /* Assets.xcassets */,
				7132347A2C69B04100C1AC5D /* Preview Content */,
			);
			path = "Exercise-for-Elderly";
			sourceTree = "<group>";
		};
		7132347A2C69B04100C1AC5D /* Preview Content */ = {
			isa = PBXGroup;
			children = (
				7132347B2C69B04100C1AC5D /* Preview Assets.xcassets */,
			);
			path = "Preview Content";
			sourceTree = "<group>";
		};
		713234822C69B14700C1AC5D /* View */ = {
			isa = PBXGroup;
			children = (
				4329857A2C6FA20F00833788 /* Component */,
				713234882C69B1B900C1AC5D /* Page */,
			);
			path = View;
			sourceTree = "<group>";
		};
		713234832C69B15000C1AC5D /* Model */ = {
			isa = PBXGroup;
			children = (
				7132348B2C69B2BC00C1AC5D /* User.swift */,
				713BF7352C71AB3C008C0CED /* ExerciseRoom.swift */,
			);
			path = Model;
			sourceTree = "<group>";
		};
		713234842C69B15E00C1AC5D /* ViewModel */ = {
			isa = PBXGroup;
			children = (
				713BF7392C71B493008C0CED /* ExerciseRoomViewModel.swift */,
				D67D3CA52C7481CC000BE67F /* HealthUserData.swift */,
			);
			path = ViewModel;
			sourceTree = "<group>";
		};
		713234852C69B16A00C1AC5D /* Service */ = {
			isa = PBXGroup;
			children = (
				713BF7332C71AAD3008C0CED /* FirebaseService.swift */,
			);
			path = Service;
			sourceTree = "<group>";
		};
		713234862C69B17600C1AC5D /* Helper */ = {
			isa = PBXGroup;
			children = (
			);
			path = Helper;
			sourceTree = "<group>";
		};
		713234872C69B17E00C1AC5D /* Extension */ = {
			isa = PBXGroup;
			children = (
				D6640C242C71E4F0008B766C /* ExtensionColor.swift */,
			);
			path = Extension;
			sourceTree = "<group>";
		};
		713234882C69B1B900C1AC5D /* Page */ = {
			isa = PBXGroup;
			children = (
				713234762C69B04000C1AC5D /* ContentView.swift */,
				713234742C69B04000C1AC5D /* Exercise_for_ElderlyApp.swift */,
				D6328D832C71E43C00CA6ACC /* SignInAppleID.swift */,
				D6640C202C71E47D008B766C /* ShowAgeInformation.swift */,
				D6640C222C71E4B4008B766C /* MenuPage.swift */,
				432985782C6F9E0400833788 /* Create.swift */,
				432985852C7042CB00833788 /* Join.swift */,
				432985892C70495100833788 /* moveToWatch.swift */,
				713BF7372C71AE77008C0CED /* TestAPIView.swift */,
			);
			path = Page;
			sourceTree = "<group>";
		};
		7132348A2C69B28D00C1AC5D /* Controller */ = {
			isa = PBXGroup;
			children = (
				7132348F2C69B6E000C1AC5D /* UserController.swift */,
				713234932C69B99F00C1AC5D /* EventController.swift */,
			);
			path = Controller;
			sourceTree = "<group>";
		};
		714F3ECE2C719264004A1CA4 /* ExerciseWatch Watch App */ = {
			isa = PBXGroup;
			children = (
				437DC5372C7335E70096DA83 /* ExerciseWatch Watch App.entitlements */,
				4322D87C2C74761300CF6B67 /* Services */,
				4322D87A2C7475DA00CF6B67 /* Model */,
				4322D8792C7475CB00CF6B67 /* ModelView */,
				4322D87B2C7475FC00CF6B67 /* View */,
				714F3ECF2C719264004A1CA4 /* ExerciseWatchApp.swift */,
				437DC5382C7339EC0096DA83 /* bpmView.swift */,
				4322D8862C7483F000CF6B67 /* MainView.swift */,
				714F3ED12C719264004A1CA4 /* ContentView.swift */,
				714F3ED32C719266004A1CA4 /* Assets.xcassets */,
				714F3ED52C719266004A1CA4 /* Preview Content */,
			);
			path = "ExerciseWatch Watch App";
			sourceTree = "<group>";
		};
		714F3ED52C719266004A1CA4 /* Preview Content */ = {
			isa = PBXGroup;
			children = (
				714F3ED62C719266004A1CA4 /* Preview Assets.xcassets */,
			);
			path = "Preview Content";
			sourceTree = "<group>";
		};
		A313BCB9AC84CFF85A135737 /* Frameworks */ = {
			isa = PBXGroup;
			children = (
				263A1B3E67990B818DAF5A57 /* Pods_Exercise_for_Elderly.framework */,
				0DBF93FA36EA5089DEA2394A /* Pods_ExerciseWatch_Watch_App.framework */,
			);
			name = Frameworks;
			sourceTree = "<group>";
		};
/* End PBXGroup section */

/* Begin PBXNativeTarget section */
		713234702C69B04000C1AC5D /* Exercise-for-Elderly */ = {
			isa = PBXNativeTarget;
			buildConfigurationList = 7132347F2C69B04100C1AC5D /* Build configuration list for PBXNativeTarget "Exercise-for-Elderly" */;
			buildPhases = (
				9E672FEA6F45445F04DBDA1B /* [CP] Check Pods Manifest.lock */,
				7132346D2C69B04000C1AC5D /* Sources */,
				7132346E2C69B04000C1AC5D /* Frameworks */,
				7132346F2C69B04000C1AC5D /* Resources */,
				714F3EDE2C719266004A1CA4 /* Embed Watch Content */,
				A765BDE5A0FB16EDD2987962 /* [CP] Embed Pods Frameworks */,
			);
			buildRules = (
			);
			dependencies = (
				714F3ED92C719266004A1CA4 /* PBXTargetDependency */,
			);
			name = "Exercise-for-Elderly";
			productName = "Exercise-for-Elderly";
			productReference = 713234712C69B04000C1AC5D /* Exercise-for-Elderly.app */;
			productType = "com.apple.product-type.application";
		};
		714F3ECC2C719264004A1CA4 /* ExerciseWatch Watch App */ = {
			isa = PBXNativeTarget;
			buildConfigurationList = 714F3EDB2C719266004A1CA4 /* Build configuration list for PBXNativeTarget "ExerciseWatch Watch App" */;
			buildPhases = (
				444BA87F15A5CD8A5632D0DD /* [CP] Check Pods Manifest.lock */,
				714F3EC92C719264004A1CA4 /* Sources */,
				714F3ECA2C719264004A1CA4 /* Frameworks */,
				714F3ECB2C719264004A1CA4 /* Resources */,
			);
			buildRules = (
			);
			dependencies = (
			);
			name = "ExerciseWatch Watch App";
			productName = "ExerciseWatch Watch App";
			productReference = 714F3ECD2C719264004A1CA4 /* ExerciseWatch Watch App.app */;
			productType = "com.apple.product-type.application";
		};
/* End PBXNativeTarget section */

/* Begin PBXProject section */
		713234692C69B04000C1AC5D /* Project object */ = {
			isa = PBXProject;
			attributes = {
				BuildIndependentTargetsInParallel = 1;
				LastSwiftUpdateCheck = 1530;
				LastUpgradeCheck = 1530;
				TargetAttributes = {
					713234702C69B04000C1AC5D = {
						CreatedOnToolsVersion = 15.3;
					};
					714F3ECC2C719264004A1CA4 = {
						CreatedOnToolsVersion = 15.3;
					};
				};
			};
			buildConfigurationList = 7132346C2C69B04000C1AC5D /* Build configuration list for PBXProject "Exercise-for-Elderly" */;
			compatibilityVersion = "Xcode 14.0";
			developmentRegion = en;
			hasScannedForEncodings = 0;
			knownRegions = (
				en,
				Base,
			);
			mainGroup = 713234682C69B04000C1AC5D;
			productRefGroup = 713234722C69B04000C1AC5D /* Products */;
			projectDirPath = "";
			projectRoot = "";
			targets = (
				713234702C69B04000C1AC5D /* Exercise-for-Elderly */,
				714F3ECC2C719264004A1CA4 /* ExerciseWatch Watch App */,
			);
		};
/* End PBXProject section */

/* Begin PBXResourcesBuildPhase section */
		7132346F2C69B04000C1AC5D /* Resources */ = {
			isa = PBXResourcesBuildPhase;
			buildActionMask = 2147483647;
			files = (
				7132347C2C69B04100C1AC5D /* Preview Assets.xcassets in Resources */,
				713234792C69B04100C1AC5D /* Assets.xcassets in Resources */,
				713BF7322C71A082008C0CED /* GoogleService-Info.plist in Resources */,
			);
			runOnlyForDeploymentPostprocessing = 0;
		};
		714F3ECB2C719264004A1CA4 /* Resources */ = {
			isa = PBXResourcesBuildPhase;
			buildActionMask = 2147483647;
			files = (
				714F3ED72C719266004A1CA4 /* Preview Assets.xcassets in Resources */,
				714F3ED42C719266004A1CA4 /* Assets.xcassets in Resources */,
			);
			runOnlyForDeploymentPostprocessing = 0;
		};
/* End PBXResourcesBuildPhase section */

/* Begin PBXShellScriptBuildPhase section */
		444BA87F15A5CD8A5632D0DD /* [CP] Check Pods Manifest.lock */ = {
			isa = PBXShellScriptBuildPhase;
			buildActionMask = 2147483647;
			files = (
			);
			inputFileListPaths = (
			);
			inputPaths = (
				"${PODS_PODFILE_DIR_PATH}/Podfile.lock",
				"${PODS_ROOT}/Manifest.lock",
			);
			name = "[CP] Check Pods Manifest.lock";
			outputFileListPaths = (
			);
			outputPaths = (
				"$(DERIVED_FILE_DIR)/Pods-ExerciseWatch Watch App-checkManifestLockResult.txt",
			);
			runOnlyForDeploymentPostprocessing = 0;
			shellPath = /bin/sh;
			shellScript = "diff \"${PODS_PODFILE_DIR_PATH}/Podfile.lock\" \"${PODS_ROOT}/Manifest.lock\" > /dev/null\nif [ $? != 0 ] ; then\n    # print error to STDERR\n    echo \"error: The sandbox is not in sync with the Podfile.lock. Run 'pod install' or update your CocoaPods installation.\" >&2\n    exit 1\nfi\n# This output is used by Xcode 'outputs' to avoid re-running this script phase.\necho \"SUCCESS\" > \"${SCRIPT_OUTPUT_FILE_0}\"\n";
			showEnvVarsInLog = 0;
		};
		9E672FEA6F45445F04DBDA1B /* [CP] Check Pods Manifest.lock */ = {
			isa = PBXShellScriptBuildPhase;
			buildActionMask = 2147483647;
			files = (
			);
			inputFileListPaths = (
			);
			inputPaths = (
				"${PODS_PODFILE_DIR_PATH}/Podfile.lock",
				"${PODS_ROOT}/Manifest.lock",
			);
			name = "[CP] Check Pods Manifest.lock";
			outputFileListPaths = (
			);
			outputPaths = (
				"$(DERIVED_FILE_DIR)/Pods-Exercise-for-Elderly-checkManifestLockResult.txt",
			);
			runOnlyForDeploymentPostprocessing = 0;
			shellPath = /bin/sh;
			shellScript = "diff \"${PODS_PODFILE_DIR_PATH}/Podfile.lock\" \"${PODS_ROOT}/Manifest.lock\" > /dev/null\nif [ $? != 0 ] ; then\n    # print error to STDERR\n    echo \"error: The sandbox is not in sync with the Podfile.lock. Run 'pod install' or update your CocoaPods installation.\" >&2\n    exit 1\nfi\n# This output is used by Xcode 'outputs' to avoid re-running this script phase.\necho \"SUCCESS\" > \"${SCRIPT_OUTPUT_FILE_0}\"\n";
			showEnvVarsInLog = 0;
		};
		A765BDE5A0FB16EDD2987962 /* [CP] Embed Pods Frameworks */ = {
			isa = PBXShellScriptBuildPhase;
			buildActionMask = 2147483647;
			files = (
			);
			inputFileListPaths = (
				"${PODS_ROOT}/Target Support Files/Pods-Exercise-for-Elderly/Pods-Exercise-for-Elderly-frameworks-${CONFIGURATION}-input-files.xcfilelist",
			);
			name = "[CP] Embed Pods Frameworks";
			outputFileListPaths = (
				"${PODS_ROOT}/Target Support Files/Pods-Exercise-for-Elderly/Pods-Exercise-for-Elderly-frameworks-${CONFIGURATION}-output-files.xcfilelist",
			);
			runOnlyForDeploymentPostprocessing = 0;
			shellPath = /bin/sh;
			shellScript = "\"${PODS_ROOT}/Target Support Files/Pods-Exercise-for-Elderly/Pods-Exercise-for-Elderly-frameworks.sh\"\n";
			showEnvVarsInLog = 0;
		};
/* End PBXShellScriptBuildPhase section */

/* Begin PBXSourcesBuildPhase section */
		7132346D2C69B04000C1AC5D /* Sources */ = {
			isa = PBXSourcesBuildPhase;
			buildActionMask = 2147483647;
			files = (
				713BF7342C71AAD3008C0CED /* FirebaseService.swift in Sources */,
				713BF73A2C71B493008C0CED /* ExerciseRoomViewModel.swift in Sources */,
				4329858A2C70495100833788 /* moveToWatch.swift in Sources */,
				D6640C252C71E4F0008B766C /* ExtensionColor.swift in Sources */,
				D6640C212C71E47D008B766C /* ShowAgeInformation.swift in Sources */,
				713234772C69B04000C1AC5D /* ContentView.swift in Sources */,
				713234902C69B6E000C1AC5D /* UserController.swift in Sources */,
				D67D3CA62C7481CC000BE67F /* HealthUserData.swift in Sources */,
				713234752C69B04000C1AC5D /* Exercise_for_ElderlyApp.swift in Sources */,
				432985862C7042CB00833788 /* Join.swift in Sources */,
				713BF7362C71AB3C008C0CED /* ExerciseRoom.swift in Sources */,
				D6328D842C71E43C00CA6ACC /* SignInAppleID.swift in Sources */,
				713234982C69BEC200C1AC5D /* (null) in Sources */,
				713234962C69BA3B00C1AC5D /* (null) in Sources */,
				432985842C7042A400833788 /* passwordTextBox.swift in Sources */,
				4329857C2C6FA21A00833788 /* Button.swift in Sources */,
				D6640C232C71E4B4008B766C /* MenuPage.swift in Sources */,
				432985822C70421700833788 /* SwiftUIView.swift in Sources */,
				43F945C72C72298500599111 /* VerficationTextField.swift in Sources */,
				432985792C6F9E0400833788 /* Create.swift in Sources */,
				432985802C70417D00833788 /* texts.swift in Sources */,
				713BF7382C71AE77008C0CED /* TestAPIView.swift in Sources */,
				7132349A2C69C07B00C1AC5D /* (null) in Sources */,
				43F945C52C72297D00599111 /* VerficationCodeView.swift in Sources */,
				713234942C69B99F00C1AC5D /* EventController.swift in Sources */,
				7132348C2C69B2BC00C1AC5D /* User.swift in Sources */,
				432985882C70489B00833788 /* passwordField.swift in Sources */,
			);
			runOnlyForDeploymentPostprocessing = 0;
		};
		714F3EC92C719264004A1CA4 /* Sources */ = {
			isa = PBXSourcesBuildPhase;
			buildActionMask = 2147483647;
			files = (
				437DC5342C7333710096DA83 /* heartRateModel.swift in Sources */,
				4322D8872C7483F000CF6B67 /* MainView.swift in Sources */,
				437DC5322C73334B0096DA83 /* heartRateManager.swift in Sources */,
				714F3ED22C719264004A1CA4 /* ContentView.swift in Sources */,
				4322D8852C7477A900CF6B67 /* AlertView.swift in Sources */,
				437DC5362C7333900096DA83 /* heartRateVM.swift in Sources */,
				437DC5302C7332DC0096DA83 /* healthkitManager.swift in Sources */,
				4322D8812C7476B800CF6B67 /* CircularAlert.swift in Sources */,
				4322D8842C7477A900CF6B67 /* AlertType.swift in Sources */,
				714F3ED02C719264004A1CA4 /* ExerciseWatchApp.swift in Sources */,
				4322D8802C7476B800CF6B67 /* CircularTextView.swift in Sources */,
				4322D88B2C75730600CF6B67 /* bpmViewVM.swift in Sources */,
				437DC5392C7339EC0096DA83 /* bpmView.swift in Sources */,
				4322D8892C74842C00CF6B67 /* ClickToStartView.swift in Sources */,
			);
			runOnlyForDeploymentPostprocessing = 0;
		};
/* End PBXSourcesBuildPhase section */

/* Begin PBXTargetDependency section */
		714F3ED92C719266004A1CA4 /* PBXTargetDependency */ = {
			isa = PBXTargetDependency;
			target = 714F3ECC2C719264004A1CA4 /* ExerciseWatch Watch App */;
			targetProxy = 714F3ED82C719266004A1CA4 /* PBXContainerItemProxy */;
		};
/* End PBXTargetDependency section */

/* Begin XCBuildConfiguration section */
		7132347D2C69B04100C1AC5D /* Debug */ = {
			isa = XCBuildConfiguration;
			buildSettings = {
				ALWAYS_SEARCH_USER_PATHS = NO;
				ASSETCATALOG_COMPILER_GENERATE_SWIFT_ASSET_SYMBOL_EXTENSIONS = YES;
				CLANG_ANALYZER_NONNULL = YES;
				CLANG_ANALYZER_NUMBER_OBJECT_CONVERSION = YES_AGGRESSIVE;
				CLANG_CXX_LANGUAGE_STANDARD = "gnu++20";
				CLANG_ENABLE_MODULES = YES;
				CLANG_ENABLE_OBJC_ARC = YES;
				CLANG_ENABLE_OBJC_WEAK = YES;
				CLANG_WARN_BLOCK_CAPTURE_AUTORELEASING = YES;
				CLANG_WARN_BOOL_CONVERSION = YES;
				CLANG_WARN_COMMA = YES;
				CLANG_WARN_CONSTANT_CONVERSION = YES;
				CLANG_WARN_DEPRECATED_OBJC_IMPLEMENTATIONS = YES;
				CLANG_WARN_DIRECT_OBJC_ISA_USAGE = YES_ERROR;
				CLANG_WARN_DOCUMENTATION_COMMENTS = YES;
				CLANG_WARN_EMPTY_BODY = YES;
				CLANG_WARN_ENUM_CONVERSION = YES;
				CLANG_WARN_INFINITE_RECURSION = YES;
				CLANG_WARN_INT_CONVERSION = YES;
				CLANG_WARN_NON_LITERAL_NULL_CONVERSION = YES;
				CLANG_WARN_OBJC_IMPLICIT_RETAIN_SELF = YES;
				CLANG_WARN_OBJC_LITERAL_CONVERSION = YES;
				CLANG_WARN_OBJC_ROOT_CLASS = YES_ERROR;
				CLANG_WARN_QUOTED_INCLUDE_IN_FRAMEWORK_HEADER = YES;
				CLANG_WARN_RANGE_LOOP_ANALYSIS = YES;
				CLANG_WARN_STRICT_PROTOTYPES = YES;
				CLANG_WARN_SUSPICIOUS_MOVE = YES;
				CLANG_WARN_UNGUARDED_AVAILABILITY = YES_AGGRESSIVE;
				CLANG_WARN_UNREACHABLE_CODE = YES;
				CLANG_WARN__DUPLICATE_METHOD_MATCH = YES;
				COPY_PHASE_STRIP = NO;
				DEBUG_INFORMATION_FORMAT = dwarf;
				ENABLE_STRICT_OBJC_MSGSEND = YES;
				ENABLE_TESTABILITY = YES;
				ENABLE_USER_SCRIPT_SANDBOXING = NO;
				GCC_C_LANGUAGE_STANDARD = gnu17;
				GCC_DYNAMIC_NO_PIC = NO;
				GCC_NO_COMMON_BLOCKS = YES;
				GCC_OPTIMIZATION_LEVEL = 0;
				GCC_PREPROCESSOR_DEFINITIONS = (
					"DEBUG=1",
					"$(inherited)",
				);
				GCC_WARN_64_TO_32_BIT_CONVERSION = YES;
				GCC_WARN_ABOUT_RETURN_TYPE = YES_ERROR;
				GCC_WARN_UNDECLARED_SELECTOR = YES;
				GCC_WARN_UNINITIALIZED_AUTOS = YES_AGGRESSIVE;
				GCC_WARN_UNUSED_FUNCTION = YES;
				GCC_WARN_UNUSED_VARIABLE = YES;
				IPHONEOS_DEPLOYMENT_TARGET = 17.4;
				LOCALIZATION_PREFERS_STRING_CATALOGS = YES;
				MTL_ENABLE_DEBUG_INFO = INCLUDE_SOURCE;
				MTL_FAST_MATH = YES;
				ONLY_ACTIVE_ARCH = YES;
				SDKROOT = iphoneos;
				SWIFT_ACTIVE_COMPILATION_CONDITIONS = "DEBUG $(inherited)";
				SWIFT_OPTIMIZATION_LEVEL = "-Onone";
			};
			name = Debug;
		};
		7132347E2C69B04100C1AC5D /* Release */ = {
			isa = XCBuildConfiguration;
			buildSettings = {
				ALWAYS_SEARCH_USER_PATHS = NO;
				ASSETCATALOG_COMPILER_GENERATE_SWIFT_ASSET_SYMBOL_EXTENSIONS = YES;
				CLANG_ANALYZER_NONNULL = YES;
				CLANG_ANALYZER_NUMBER_OBJECT_CONVERSION = YES_AGGRESSIVE;
				CLANG_CXX_LANGUAGE_STANDARD = "gnu++20";
				CLANG_ENABLE_MODULES = YES;
				CLANG_ENABLE_OBJC_ARC = YES;
				CLANG_ENABLE_OBJC_WEAK = YES;
				CLANG_WARN_BLOCK_CAPTURE_AUTORELEASING = YES;
				CLANG_WARN_BOOL_CONVERSION = YES;
				CLANG_WARN_COMMA = YES;
				CLANG_WARN_CONSTANT_CONVERSION = YES;
				CLANG_WARN_DEPRECATED_OBJC_IMPLEMENTATIONS = YES;
				CLANG_WARN_DIRECT_OBJC_ISA_USAGE = YES_ERROR;
				CLANG_WARN_DOCUMENTATION_COMMENTS = YES;
				CLANG_WARN_EMPTY_BODY = YES;
				CLANG_WARN_ENUM_CONVERSION = YES;
				CLANG_WARN_INFINITE_RECURSION = YES;
				CLANG_WARN_INT_CONVERSION = YES;
				CLANG_WARN_NON_LITERAL_NULL_CONVERSION = YES;
				CLANG_WARN_OBJC_IMPLICIT_RETAIN_SELF = YES;
				CLANG_WARN_OBJC_LITERAL_CONVERSION = YES;
				CLANG_WARN_OBJC_ROOT_CLASS = YES_ERROR;
				CLANG_WARN_QUOTED_INCLUDE_IN_FRAMEWORK_HEADER = YES;
				CLANG_WARN_RANGE_LOOP_ANALYSIS = YES;
				CLANG_WARN_STRICT_PROTOTYPES = YES;
				CLANG_WARN_SUSPICIOUS_MOVE = YES;
				CLANG_WARN_UNGUARDED_AVAILABILITY = YES_AGGRESSIVE;
				CLANG_WARN_UNREACHABLE_CODE = YES;
				CLANG_WARN__DUPLICATE_METHOD_MATCH = YES;
				COPY_PHASE_STRIP = NO;
				DEBUG_INFORMATION_FORMAT = "dwarf-with-dsym";
				ENABLE_NS_ASSERTIONS = NO;
				ENABLE_STRICT_OBJC_MSGSEND = YES;
				ENABLE_USER_SCRIPT_SANDBOXING = NO;
				GCC_C_LANGUAGE_STANDARD = gnu17;
				GCC_NO_COMMON_BLOCKS = YES;
				GCC_WARN_64_TO_32_BIT_CONVERSION = YES;
				GCC_WARN_ABOUT_RETURN_TYPE = YES_ERROR;
				GCC_WARN_UNDECLARED_SELECTOR = YES;
				GCC_WARN_UNINITIALIZED_AUTOS = YES_AGGRESSIVE;
				GCC_WARN_UNUSED_FUNCTION = YES;
				GCC_WARN_UNUSED_VARIABLE = YES;
				IPHONEOS_DEPLOYMENT_TARGET = 17.4;
				LOCALIZATION_PREFERS_STRING_CATALOGS = YES;
				MTL_ENABLE_DEBUG_INFO = NO;
				MTL_FAST_MATH = YES;
				SDKROOT = iphoneos;
				SWIFT_COMPILATION_MODE = wholemodule;
				VALIDATE_PRODUCT = YES;
			};
			name = Release;
		};
		713234802C69B04100C1AC5D /* Debug */ = {
			isa = XCBuildConfiguration;
			baseConfigurationReference = 18A61F23A3364ED073660D3A /* Pods-Exercise-for-Elderly.debug.xcconfig */;
			buildSettings = {
				ALWAYS_EMBED_SWIFT_STANDARD_LIBRARIES = YES;
				ASSETCATALOG_COMPILER_APPICON_NAME = AppIcon;
				ASSETCATALOG_COMPILER_GLOBAL_ACCENT_COLOR_NAME = AccentColor;
				CODE_SIGN_ENTITLEMENTS = "Exercise-for-Elderly/Exercise-for-Elderly.entitlements";
				CODE_SIGN_STYLE = Automatic;
				CURRENT_PROJECT_VERSION = 1;
				DEVELOPMENT_ASSET_PATHS = "\"Exercise-for-Elderly/Preview Content\"";
				DEVELOPMENT_TEAM = B49LQK4KMN;
				ENABLE_PREVIEWS = YES;
				GENERATE_INFOPLIST_FILE = YES;
				INFOPLIST_KEY_NSHealthClinicalHealthRecordsShareUsageDescription = "This app needs to read your health data in order to works";
				INFOPLIST_KEY_NSHealthShareUsageDescription = "This app needs to read your health data in order to works";
				INFOPLIST_KEY_NSHealthUpdateUsageDescription = "This app needs to read your health data in order to works";
				INFOPLIST_KEY_UIApplicationSceneManifest_Generation = YES;
				INFOPLIST_KEY_UIApplicationSupportsIndirectInputEvents = YES;
				INFOPLIST_KEY_UILaunchScreen_Generation = YES;
				INFOPLIST_KEY_UISupportedInterfaceOrientations_iPad = "UIInterfaceOrientationPortrait UIInterfaceOrientationPortraitUpsideDown UIInterfaceOrientationLandscapeLeft UIInterfaceOrientationLandscapeRight";
				INFOPLIST_KEY_UISupportedInterfaceOrientations_iPhone = "UIInterfaceOrientationPortrait UIInterfaceOrientationLandscapeLeft UIInterfaceOrientationLandscapeRight";
				IPHONEOS_DEPLOYMENT_TARGET = 17.2;
				LD_RUNPATH_SEARCH_PATHS = (
					"$(inherited)",
					"@executable_path/Frameworks",
				);
				MARKETING_VERSION = 1.0;
				PRODUCT_BUNDLE_IDENTIFIER = "com.minitiga.Exercise-for-Elderlyy";
				PRODUCT_NAME = "$(TARGET_NAME)";
				SWIFT_EMIT_LOC_STRINGS = YES;
				SWIFT_VERSION = 5.0;
				TARGETED_DEVICE_FAMILY = "1,2";
			};
			name = Debug;
		};
		713234812C69B04100C1AC5D /* Release */ = {
			isa = XCBuildConfiguration;
			baseConfigurationReference = 9B585AE939309398B0CF4F82 /* Pods-Exercise-for-Elderly.release.xcconfig */;
			buildSettings = {
				ALWAYS_EMBED_SWIFT_STANDARD_LIBRARIES = YES;
				ASSETCATALOG_COMPILER_APPICON_NAME = AppIcon;
				ASSETCATALOG_COMPILER_GLOBAL_ACCENT_COLOR_NAME = AccentColor;
				CODE_SIGN_ENTITLEMENTS = "Exercise-for-Elderly/Exercise-for-Elderly.entitlements";
				CODE_SIGN_STYLE = Automatic;
				CURRENT_PROJECT_VERSION = 1;
				DEVELOPMENT_ASSET_PATHS = "\"Exercise-for-Elderly/Preview Content\"";
				DEVELOPMENT_TEAM = B49LQK4KMN;
				ENABLE_PREVIEWS = YES;
				GENERATE_INFOPLIST_FILE = YES;
				INFOPLIST_KEY_NSHealthClinicalHealthRecordsShareUsageDescription = "This app needs to read your health data in order to works";
				INFOPLIST_KEY_NSHealthShareUsageDescription = "This app needs to read your health data in order to works";
				INFOPLIST_KEY_NSHealthUpdateUsageDescription = "This app needs to read your health data in order to works";
				INFOPLIST_KEY_UIApplicationSceneManifest_Generation = YES;
				INFOPLIST_KEY_UIApplicationSupportsIndirectInputEvents = YES;
				INFOPLIST_KEY_UILaunchScreen_Generation = YES;
				INFOPLIST_KEY_UISupportedInterfaceOrientations_iPad = "UIInterfaceOrientationPortrait UIInterfaceOrientationPortraitUpsideDown UIInterfaceOrientationLandscapeLeft UIInterfaceOrientationLandscapeRight";
				INFOPLIST_KEY_UISupportedInterfaceOrientations_iPhone = "UIInterfaceOrientationPortrait UIInterfaceOrientationLandscapeLeft UIInterfaceOrientationLandscapeRight";
				IPHONEOS_DEPLOYMENT_TARGET = 17.2;
				LD_RUNPATH_SEARCH_PATHS = (
					"$(inherited)",
					"@executable_path/Frameworks",
				);
				MARKETING_VERSION = 1.0;
				PRODUCT_BUNDLE_IDENTIFIER = "com.minitiga.Exercise-for-Elderlyy";
				PRODUCT_NAME = "$(TARGET_NAME)";
				SWIFT_EMIT_LOC_STRINGS = YES;
				SWIFT_VERSION = 5.0;
				TARGETED_DEVICE_FAMILY = "1,2";
			};
			name = Release;
		};
		714F3EDC2C719266004A1CA4 /* Debug */ = {
			isa = XCBuildConfiguration;
			baseConfigurationReference = 2CF47B5AEBA4142374464341 /* Pods-ExerciseWatch Watch App.debug.xcconfig */;
			buildSettings = {
				ASSETCATALOG_COMPILER_APPICON_NAME = AppIcon;
				ASSETCATALOG_COMPILER_GLOBAL_ACCENT_COLOR_NAME = AccentColor;
				CODE_SIGN_ENTITLEMENTS = "ExerciseWatch Watch App/ExerciseWatch Watch App.entitlements";
				CODE_SIGN_STYLE = Automatic;
				CURRENT_PROJECT_VERSION = 1;
				DEVELOPMENT_ASSET_PATHS = "\"ExerciseWatch Watch App/Preview Content\"";
				DEVELOPMENT_TEAM = B49LQK4KMN;
				ENABLE_PREVIEWS = YES;
				GENERATE_INFOPLIST_FILE = YES;
				INFOPLIST_KEY_CFBundleDisplayName = ExerciseWatch;
				INFOPLIST_KEY_NSHealthShareUsageDescription = "This app needs to access your health data.";
				INFOPLIST_KEY_UISupportedInterfaceOrientations = "UIInterfaceOrientationPortrait UIInterfaceOrientationPortraitUpsideDown";
				INFOPLIST_KEY_WKCompanionAppBundleIdentifier = "com.minitiga.Exercise-for-Elderlyy";
				LD_RUNPATH_SEARCH_PATHS = (
					"$(inherited)",
					"@executable_path/Frameworks",
				);
				MARKETING_VERSION = 1.0;
				PRODUCT_BUNDLE_IDENTIFIER = "com.minitiga.Exercise-for-Elderlyy.watchkitappA";
				PRODUCT_NAME = "$(TARGET_NAME)";
				SDKROOT = watchos;
				SKIP_INSTALL = YES;
				SWIFT_EMIT_LOC_STRINGS = YES;
				SWIFT_VERSION = 5.0;
				TARGETED_DEVICE_FAMILY = 4;
				WATCHOS_DEPLOYMENT_TARGET = 10.2;
			};
			name = Debug;
		};
		714F3EDD2C719266004A1CA4 /* Release */ = {
			isa = XCBuildConfiguration;
			baseConfigurationReference = 4292215A524314A5D43D3D30 /* Pods-ExerciseWatch Watch App.release.xcconfig */;
			buildSettings = {
				ASSETCATALOG_COMPILER_APPICON_NAME = AppIcon;
				ASSETCATALOG_COMPILER_GLOBAL_ACCENT_COLOR_NAME = AccentColor;
				CODE_SIGN_ENTITLEMENTS = "ExerciseWatch Watch App/ExerciseWatch Watch App.entitlements";
				CODE_SIGN_STYLE = Automatic;
				CURRENT_PROJECT_VERSION = 1;
				DEVELOPMENT_ASSET_PATHS = "\"ExerciseWatch Watch App/Preview Content\"";
				DEVELOPMENT_TEAM = B49LQK4KMN;
				ENABLE_PREVIEWS = YES;
				GENERATE_INFOPLIST_FILE = YES;
				INFOPLIST_KEY_CFBundleDisplayName = ExerciseWatch;
				INFOPLIST_KEY_NSHealthShareUsageDescription = "This app needs to access your health data.";
				INFOPLIST_KEY_UISupportedInterfaceOrientations = "UIInterfaceOrientationPortrait UIInterfaceOrientationPortraitUpsideDown";
				INFOPLIST_KEY_WKCompanionAppBundleIdentifier = "com.minitiga.Exercise-for-Elderlyy";
				LD_RUNPATH_SEARCH_PATHS = (
					"$(inherited)",
					"@executable_path/Frameworks",
				);
				MARKETING_VERSION = 1.0;
				PRODUCT_BUNDLE_IDENTIFIER = "com.minitiga.Exercise-for-Elderlyy.watchkitappA";
				PRODUCT_NAME = "$(TARGET_NAME)";
				SDKROOT = watchos;
				SKIP_INSTALL = YES;
				SWIFT_EMIT_LOC_STRINGS = YES;
				SWIFT_VERSION = 5.0;
				TARGETED_DEVICE_FAMILY = 4;
				WATCHOS_DEPLOYMENT_TARGET = 10.2;
			};
			name = Release;
		};
/* End XCBuildConfiguration section */

/* Begin XCConfigurationList section */
		7132346C2C69B04000C1AC5D /* Build configuration list for PBXProject "Exercise-for-Elderly" */ = {
			isa = XCConfigurationList;
			buildConfigurations = (
				7132347D2C69B04100C1AC5D /* Debug */,
				7132347E2C69B04100C1AC5D /* Release */,
			);
			defaultConfigurationIsVisible = 0;
			defaultConfigurationName = Release;
		};
		7132347F2C69B04100C1AC5D /* Build configuration list for PBXNativeTarget "Exercise-for-Elderly" */ = {
			isa = XCConfigurationList;
			buildConfigurations = (
				713234802C69B04100C1AC5D /* Debug */,
				713234812C69B04100C1AC5D /* Release */,
			);
			defaultConfigurationIsVisible = 0;
			defaultConfigurationName = Release;
		};
		714F3EDB2C719266004A1CA4 /* Build configuration list for PBXNativeTarget "ExerciseWatch Watch App" */ = {
			isa = XCConfigurationList;
			buildConfigurations = (
				714F3EDC2C719266004A1CA4 /* Debug */,
				714F3EDD2C719266004A1CA4 /* Release */,
			);
			defaultConfigurationIsVisible = 0;
			defaultConfigurationName = Release;
		};
/* End XCConfigurationList section */
	};
	rootObject = 713234692C69B04000C1AC5D /* Project object */;
}
