// !$*UTF8*$!
{
	archiveVersion = 1;
	classes = {
	};
	objectVersion = 56;
	objects = {

/* Begin PBXBuildFile section */
		432985792C6F9E0400833788 /* Create.swift in Sources */ = {isa = PBXBuildFile; fileRef = 432985782C6F9E0400833788 /* Create.swift */; };
		4329857C2C6FA21A00833788 /* Button.swift in Sources */ = {isa = PBXBuildFile; fileRef = 4329857B2C6FA21A00833788 /* Button.swift */; };
		432985802C70417D00833788 /* texts.swift in Sources */ = {isa = PBXBuildFile; fileRef = 4329857F2C70417D00833788 /* texts.swift */; };
		432985822C70421700833788 /* SwiftUIView.swift in Sources */ = {isa = PBXBuildFile; fileRef = 432985812C70421700833788 /* SwiftUIView.swift */; };
		432985842C7042A400833788 /* passwordTextBox.swift in Sources */ = {isa = PBXBuildFile; fileRef = 432985832C7042A400833788 /* passwordTextBox.swift */; };
		432985862C7042CB00833788 /* Join.swift in Sources */ = {isa = PBXBuildFile; fileRef = 432985852C7042CB00833788 /* Join.swift */; };
		432985882C70489B00833788 /* passwordField.swift in Sources */ = {isa = PBXBuildFile; fileRef = 432985872C70489B00833788 /* passwordField.swift */; };
		4329858A2C70495100833788 /* moveToWatch.swift in Sources */ = {isa = PBXBuildFile; fileRef = 432985892C70495100833788 /* moveToWatch.swift */; };
		713234752C69B04000C1AC5D /* Exercise_for_ElderlyApp.swift in Sources */ = {isa = PBXBuildFile; fileRef = 713234742C69B04000C1AC5D /* Exercise_for_ElderlyApp.swift */; };
		713234772C69B04000C1AC5D /* ContentView.swift in Sources */ = {isa = PBXBuildFile; fileRef = 713234762C69B04000C1AC5D /* ContentView.swift */; };
		713234792C69B04100C1AC5D /* Assets.xcassets in Resources */ = {isa = PBXBuildFile; fileRef = 713234782C69B04100C1AC5D /* Assets.xcassets */; };
		7132347C2C69B04100C1AC5D /* Preview Assets.xcassets in Resources */ = {isa = PBXBuildFile; fileRef = 7132347B2C69B04100C1AC5D /* Preview Assets.xcassets */; };
		7132348C2C69B2BC00C1AC5D /* User.swift in Sources */ = {isa = PBXBuildFile; fileRef = 7132348B2C69B2BC00C1AC5D /* User.swift */; };
		7132348E2C69B4CD00C1AC5D /* Event.swift in Sources */ = {isa = PBXBuildFile; fileRef = 7132348D2C69B4CD00C1AC5D /* Event.swift */; };
		713234902C69B6E000C1AC5D /* UserController.swift in Sources */ = {isa = PBXBuildFile; fileRef = 7132348F2C69B6E000C1AC5D /* UserController.swift */; };
		713234922C69B84E00C1AC5D /* CloudKitService.swift in Sources */ = {isa = PBXBuildFile; fileRef = 713234912C69B84E00C1AC5D /* CloudKitService.swift */; };
		713234942C69B99F00C1AC5D /* EventController.swift in Sources */ = {isa = PBXBuildFile; fileRef = 713234932C69B99F00C1AC5D /* EventController.swift */; };
		713234962C69BA3B00C1AC5D /* FactoryViewModel.swift in Sources */ = {isa = PBXBuildFile; fileRef = 713234952C69BA3B00C1AC5D /* FactoryViewModel.swift */; };
		713234982C69BEC200C1AC5D /* CreateEventViewModel.swift in Sources */ = {isa = PBXBuildFile; fileRef = 713234972C69BEC200C1AC5D /* CreateEventViewModel.swift */; };
		7132349A2C69C07B00C1AC5D /* UserProfileViewModel.swift in Sources */ = {isa = PBXBuildFile; fileRef = 713234992C69C07B00C1AC5D /* UserProfileViewModel.swift */; };
/* End PBXBuildFile section */

/* Begin PBXFileReference section */
		432985782C6F9E0400833788 /* Create.swift */ = {isa = PBXFileReference; lastKnownFileType = sourcecode.swift; path = Create.swift; sourceTree = "<group>"; };
		4329857B2C6FA21A00833788 /* Button.swift */ = {isa = PBXFileReference; lastKnownFileType = sourcecode.swift; path = Button.swift; sourceTree = "<group>"; };
		4329857F2C70417D00833788 /* texts.swift */ = {isa = PBXFileReference; lastKnownFileType = sourcecode.swift; path = texts.swift; sourceTree = "<group>"; };
		432985812C70421700833788 /* SwiftUIView.swift */ = {isa = PBXFileReference; lastKnownFileType = sourcecode.swift; path = SwiftUIView.swift; sourceTree = "<group>"; };
		432985832C7042A400833788 /* passwordTextBox.swift */ = {isa = PBXFileReference; lastKnownFileType = sourcecode.swift; path = passwordTextBox.swift; sourceTree = "<group>"; };
		432985852C7042CB00833788 /* Join.swift */ = {isa = PBXFileReference; lastKnownFileType = sourcecode.swift; path = Join.swift; sourceTree = "<group>"; };
		432985872C70489B00833788 /* passwordField.swift */ = {isa = PBXFileReference; lastKnownFileType = sourcecode.swift; path = passwordField.swift; sourceTree = "<group>"; };
		432985892C70495100833788 /* moveToWatch.swift */ = {isa = PBXFileReference; lastKnownFileType = sourcecode.swift; path = moveToWatch.swift; sourceTree = "<group>"; };
		713234712C69B04000C1AC5D /* Exercise-for-Elderly.app */ = {isa = PBXFileReference; explicitFileType = wrapper.application; includeInIndex = 0; path = "Exercise-for-Elderly.app"; sourceTree = BUILT_PRODUCTS_DIR; };
		713234742C69B04000C1AC5D /* Exercise_for_ElderlyApp.swift */ = {isa = PBXFileReference; lastKnownFileType = sourcecode.swift; path = Exercise_for_ElderlyApp.swift; sourceTree = "<group>"; };
		713234762C69B04000C1AC5D /* ContentView.swift */ = {isa = PBXFileReference; lastKnownFileType = sourcecode.swift; path = ContentView.swift; sourceTree = "<group>"; };
		713234782C69B04100C1AC5D /* Assets.xcassets */ = {isa = PBXFileReference; lastKnownFileType = folder.assetcatalog; path = Assets.xcassets; sourceTree = "<group>"; };
		7132347B2C69B04100C1AC5D /* Preview Assets.xcassets */ = {isa = PBXFileReference; lastKnownFileType = folder.assetcatalog; path = "Preview Assets.xcassets"; sourceTree = "<group>"; };
		7132348B2C69B2BC00C1AC5D /* User.swift */ = {isa = PBXFileReference; lastKnownFileType = sourcecode.swift; path = User.swift; sourceTree = "<group>"; };
		7132348D2C69B4CD00C1AC5D /* Event.swift */ = {isa = PBXFileReference; lastKnownFileType = sourcecode.swift; path = Event.swift; sourceTree = "<group>"; };
		7132348F2C69B6E000C1AC5D /* UserController.swift */ = {isa = PBXFileReference; lastKnownFileType = sourcecode.swift; path = UserController.swift; sourceTree = "<group>"; };
		713234912C69B84E00C1AC5D /* CloudKitService.swift */ = {isa = PBXFileReference; lastKnownFileType = sourcecode.swift; path = CloudKitService.swift; sourceTree = "<group>"; };
		713234932C69B99F00C1AC5D /* EventController.swift */ = {isa = PBXFileReference; lastKnownFileType = sourcecode.swift; path = EventController.swift; sourceTree = "<group>"; };
		713234952C69BA3B00C1AC5D /* FactoryViewModel.swift */ = {isa = PBXFileReference; lastKnownFileType = sourcecode.swift; path = FactoryViewModel.swift; sourceTree = "<group>"; };
		713234972C69BEC200C1AC5D /* CreateEventViewModel.swift */ = {isa = PBXFileReference; lastKnownFileType = sourcecode.swift; path = CreateEventViewModel.swift; sourceTree = "<group>"; };
		713234992C69C07B00C1AC5D /* UserProfileViewModel.swift */ = {isa = PBXFileReference; lastKnownFileType = sourcecode.swift; path = UserProfileViewModel.swift; sourceTree = "<group>"; };
		715EE4692C6D645600803178 /* Exercise-for-Elderly.entitlements */ = {isa = PBXFileReference; lastKnownFileType = text.plist.entitlements; path = "Exercise-for-Elderly.entitlements"; sourceTree = "<group>"; };
/* End PBXFileReference section */

/* Begin PBXFrameworksBuildPhase section */
		7132346E2C69B04000C1AC5D /* Frameworks */ = {
			isa = PBXFrameworksBuildPhase;
			buildActionMask = 2147483647;
			files = (
			);
			runOnlyForDeploymentPostprocessing = 0;
		};
/* End PBXFrameworksBuildPhase section */

/* Begin PBXGroup section */
		4329857A2C6FA20F00833788 /* Component */ = {
			isa = PBXGroup;
			children = (
				4329857B2C6FA21A00833788 /* Button.swift */,
				4329857F2C70417D00833788 /* texts.swift */,
				432985812C70421700833788 /* SwiftUIView.swift */,
				432985832C7042A400833788 /* passwordTextBox.swift */,
				432985872C70489B00833788 /* passwordField.swift */,
			);
			path = Component;
			sourceTree = "<group>";
		};
		713234682C69B04000C1AC5D = {
			isa = PBXGroup;
			children = (
				713234732C69B04000C1AC5D /* Exercise-for-Elderly */,
				713234722C69B04000C1AC5D /* Products */,
			);
			sourceTree = "<group>";
		};
		713234722C69B04000C1AC5D /* Products */ = {
			isa = PBXGroup;
			children = (
				713234712C69B04000C1AC5D /* Exercise-for-Elderly.app */,
			);
			name = Products;
			sourceTree = "<group>";
		};
		713234732C69B04000C1AC5D /* Exercise-for-Elderly */ = {
			isa = PBXGroup;
			children = (
				715EE4692C6D645600803178 /* Exercise-for-Elderly.entitlements */,
				7132348A2C69B28D00C1AC5D /* Controller */,
				713234872C69B17E00C1AC5D /* Extension */,
				713234862C69B17600C1AC5D /* Helper */,
				713234852C69B16A00C1AC5D /* Service */,
				713234842C69B15E00C1AC5D /* ViewModel */,
				713234832C69B15000C1AC5D /* Model */,
				713234822C69B14700C1AC5D /* View */,
				713234782C69B04100C1AC5D /* Assets.xcassets */,
				7132347A2C69B04100C1AC5D /* Preview Content */,
			);
			path = "Exercise-for-Elderly";
			sourceTree = "<group>";
		};
		7132347A2C69B04100C1AC5D /* Preview Content */ = {
			isa = PBXGroup;
			children = (
				7132347B2C69B04100C1AC5D /* Preview Assets.xcassets */,
			);
			path = "Preview Content";
			sourceTree = "<group>";
		};
		713234822C69B14700C1AC5D /* View */ = {
			isa = PBXGroup;
			children = (
				4329857A2C6FA20F00833788 /* Component */,
				713234882C69B1B900C1AC5D /* Page */,
			);
			path = View;
			sourceTree = "<group>";
		};
		713234832C69B15000C1AC5D /* Model */ = {
			isa = PBXGroup;
			children = (
				7132348B2C69B2BC00C1AC5D /* User.swift */,
				7132348D2C69B4CD00C1AC5D /* Event.swift */,
			);
			path = Model;
			sourceTree = "<group>";
		};
		713234842C69B15E00C1AC5D /* ViewModel */ = {
			isa = PBXGroup;
			children = (
				713234952C69BA3B00C1AC5D /* FactoryViewModel.swift */,
				713234972C69BEC200C1AC5D /* CreateEventViewModel.swift */,
				713234992C69C07B00C1AC5D /* UserProfileViewModel.swift */,
			);
			path = ViewModel;
			sourceTree = "<group>";
		};
		713234852C69B16A00C1AC5D /* Service */ = {
			isa = PBXGroup;
			children = (
				713234912C69B84E00C1AC5D /* CloudKitService.swift */,
			);
			path = Service;
			sourceTree = "<group>";
		};
		713234862C69B17600C1AC5D /* Helper */ = {
			isa = PBXGroup;
			children = (
			);
			path = Helper;
			sourceTree = "<group>";
		};
		713234872C69B17E00C1AC5D /* Extension */ = {
			isa = PBXGroup;
			children = (
			);
			path = Extension;
			sourceTree = "<group>";
		};
		713234882C69B1B900C1AC5D /* Page */ = {
			isa = PBXGroup;
			children = (
				713234762C69B04000C1AC5D /* ContentView.swift */,
				713234742C69B04000C1AC5D /* Exercise_for_ElderlyApp.swift */,
				432985782C6F9E0400833788 /* Create.swift */,
				432985852C7042CB00833788 /* Join.swift */,
				432985892C70495100833788 /* moveToWatch.swift */,
			);
			path = Page;
			sourceTree = "<group>";
		};
		7132348A2C69B28D00C1AC5D /* Controller */ = {
			isa = PBXGroup;
			children = (
				7132348F2C69B6E000C1AC5D /* UserController.swift */,
				713234932C69B99F00C1AC5D /* EventController.swift */,
			);
			path = Controller;
			sourceTree = "<group>";
		};
/* End PBXGroup section */

/* Begin PBXNativeTarget section */
		713234702C69B04000C1AC5D /* Exercise-for-Elderly */ = {
			isa = PBXNativeTarget;
			buildConfigurationList = 7132347F2C69B04100C1AC5D /* Build configuration list for PBXNativeTarget "Exercise-for-Elderly" */;
			buildPhases = (
				7132346D2C69B04000C1AC5D /* Sources */,
				7132346E2C69B04000C1AC5D /* Frameworks */,
				7132346F2C69B04000C1AC5D /* Resources */,
			);
			buildRules = (
			);
			dependencies = (
			);
			name = "Exercise-for-Elderly";
			productName = "Exercise-for-Elderly";
			productReference = 713234712C69B04000C1AC5D /* Exercise-for-Elderly.app */;
			productType = "com.apple.product-type.application";
		};
/* End PBXNativeTarget section */

/* Begin PBXProject section */
		713234692C69B04000C1AC5D /* Project object */ = {
			isa = PBXProject;
			attributes = {
				BuildIndependentTargetsInParallel = 1;
				LastSwiftUpdateCheck = 1530;
				LastUpgradeCheck = 1530;
				TargetAttributes = {
					713234702C69B04000C1AC5D = {
						CreatedOnToolsVersion = 15.3;
					};
				};
			};
			buildConfigurationList = 7132346C2C69B04000C1AC5D /* Build configuration list for PBXProject "Exercise-for-Elderly" */;
			compatibilityVersion = "Xcode 14.0";
			developmentRegion = en;
			hasScannedForEncodings = 0;
			knownRegions = (
				en,
				Base,
			);
			mainGroup = 713234682C69B04000C1AC5D;
			productRefGroup = 713234722C69B04000C1AC5D /* Products */;
			projectDirPath = "";
			projectRoot = "";
			targets = (
				713234702C69B04000C1AC5D /* Exercise-for-Elderly */,
			);
		};
/* End PBXProject section */

/* Begin PBXResourcesBuildPhase section */
		7132346F2C69B04000C1AC5D /* Resources */ = {
			isa = PBXResourcesBuildPhase;
			buildActionMask = 2147483647;
			files = (
				7132347C2C69B04100C1AC5D /* Preview Assets.xcassets in Resources */,
				713234792C69B04100C1AC5D /* Assets.xcassets in Resources */,
			);
			runOnlyForDeploymentPostprocessing = 0;
		};
/* End PBXResourcesBuildPhase section */

/* Begin PBXSourcesBuildPhase section */
		7132346D2C69B04000C1AC5D /* Sources */ = {
			isa = PBXSourcesBuildPhase;
			buildActionMask = 2147483647;
			files = (
				713234922C69B84E00C1AC5D /* CloudKitService.swift in Sources */,
				4329858A2C70495100833788 /* moveToWatch.swift in Sources */,
				7132348E2C69B4CD00C1AC5D /* Event.swift in Sources */,
				713234772C69B04000C1AC5D /* ContentView.swift in Sources */,
				713234902C69B6E000C1AC5D /* UserController.swift in Sources */,
				713234752C69B04000C1AC5D /* Exercise_for_ElderlyApp.swift in Sources */,
				432985862C7042CB00833788 /* Join.swift in Sources */,
				713234982C69BEC200C1AC5D /* CreateEventViewModel.swift in Sources */,
				713234962C69BA3B00C1AC5D /* FactoryViewModel.swift in Sources */,
				432985842C7042A400833788 /* passwordTextBox.swift in Sources */,
				4329857C2C6FA21A00833788 /* Button.swift in Sources */,
				432985822C70421700833788 /* SwiftUIView.swift in Sources */,
				432985792C6F9E0400833788 /* Create.swift in Sources */,
				432985802C70417D00833788 /* texts.swift in Sources */,
				7132349A2C69C07B00C1AC5D /* UserProfileViewModel.swift in Sources */,
				713234942C69B99F00C1AC5D /* EventController.swift in Sources */,
				7132348C2C69B2BC00C1AC5D /* User.swift in Sources */,
				432985882C70489B00833788 /* passwordField.swift in Sources */,
			);
			runOnlyForDeploymentPostprocessing = 0;
		};
/* End PBXSourcesBuildPhase section */

/* Begin XCBuildConfiguration section */
		7132347D2C69B04100C1AC5D /* Debug */ = {
			isa = XCBuildConfiguration;
			buildSettings = {
				ALWAYS_SEARCH_USER_PATHS = NO;
				ASSETCATALOG_COMPILER_GENERATE_SWIFT_ASSET_SYMBOL_EXTENSIONS = YES;
				CLANG_ANALYZER_NONNULL = YES;
				CLANG_ANALYZER_NUMBER_OBJECT_CONVERSION = YES_AGGRESSIVE;
				CLANG_CXX_LANGUAGE_STANDARD = "gnu++20";
				CLANG_ENABLE_MODULES = YES;
				CLANG_ENABLE_OBJC_ARC = YES;
				CLANG_ENABLE_OBJC_WEAK = YES;
				CLANG_WARN_BLOCK_CAPTURE_AUTORELEASING = YES;
				CLANG_WARN_BOOL_CONVERSION = YES;
				CLANG_WARN_COMMA = YES;
				CLANG_WARN_CONSTANT_CONVERSION = YES;
				CLANG_WARN_DEPRECATED_OBJC_IMPLEMENTATIONS = YES;
				CLANG_WARN_DIRECT_OBJC_ISA_USAGE = YES_ERROR;
				CLANG_WARN_DOCUMENTATION_COMMENTS = YES;
				CLANG_WARN_EMPTY_BODY = YES;
				CLANG_WARN_ENUM_CONVERSION = YES;
				CLANG_WARN_INFINITE_RECURSION = YES;
				CLANG_WARN_INT_CONVERSION = YES;
				CLANG_WARN_NON_LITERAL_NULL_CONVERSION = YES;
				CLANG_WARN_OBJC_IMPLICIT_RETAIN_SELF = YES;
				CLANG_WARN_OBJC_LITERAL_CONVERSION = YES;
				CLANG_WARN_OBJC_ROOT_CLASS = YES_ERROR;
				CLANG_WARN_QUOTED_INCLUDE_IN_FRAMEWORK_HEADER = YES;
				CLANG_WARN_RANGE_LOOP_ANALYSIS = YES;
				CLANG_WARN_STRICT_PROTOTYPES = YES;
				CLANG_WARN_SUSPICIOUS_MOVE = YES;
				CLANG_WARN_UNGUARDED_AVAILABILITY = YES_AGGRESSIVE;
				CLANG_WARN_UNREACHABLE_CODE = YES;
				CLANG_WARN__DUPLICATE_METHOD_MATCH = YES;
				COPY_PHASE_STRIP = NO;
				DEBUG_INFORMATION_FORMAT = dwarf;
				ENABLE_STRICT_OBJC_MSGSEND = YES;
				ENABLE_TESTABILITY = YES;
				ENABLE_USER_SCRIPT_SANDBOXING = YES;
				GCC_C_LANGUAGE_STANDARD = gnu17;
				GCC_DYNAMIC_NO_PIC = NO;
				GCC_NO_COMMON_BLOCKS = YES;
				GCC_OPTIMIZATION_LEVEL = 0;
				GCC_PREPROCESSOR_DEFINITIONS = (
					"DEBUG=1",
					"$(inherited)",
				);
				GCC_WARN_64_TO_32_BIT_CONVERSION = YES;
				GCC_WARN_ABOUT_RETURN_TYPE = YES_ERROR;
				GCC_WARN_UNDECLARED_SELECTOR = YES;
				GCC_WARN_UNINITIALIZED_AUTOS = YES_AGGRESSIVE;
				GCC_WARN_UNUSED_FUNCTION = YES;
				GCC_WARN_UNUSED_VARIABLE = YES;
				IPHONEOS_DEPLOYMENT_TARGET = 17.4;
				LOCALIZATION_PREFERS_STRING_CATALOGS = YES;
				MTL_ENABLE_DEBUG_INFO = INCLUDE_SOURCE;
				MTL_FAST_MATH = YES;
				ONLY_ACTIVE_ARCH = YES;
				SDKROOT = iphoneos;
				SWIFT_ACTIVE_COMPILATION_CONDITIONS = "DEBUG $(inherited)";
				SWIFT_OPTIMIZATION_LEVEL = "-Onone";
			};
			name = Debug;
		};
		7132347E2C69B04100C1AC5D /* Release */ = {
			isa = XCBuildConfiguration;
			buildSettings = {
				ALWAYS_SEARCH_USER_PATHS = NO;
				ASSETCATALOG_COMPILER_GENERATE_SWIFT_ASSET_SYMBOL_EXTENSIONS = YES;
				CLANG_ANALYZER_NONNULL = YES;
				CLANG_ANALYZER_NUMBER_OBJECT_CONVERSION = YES_AGGRESSIVE;
				CLANG_CXX_LANGUAGE_STANDARD = "gnu++20";
				CLANG_ENABLE_MODULES = YES;
				CLANG_ENABLE_OBJC_ARC = YES;
				CLANG_ENABLE_OBJC_WEAK = YES;
				CLANG_WARN_BLOCK_CAPTURE_AUTORELEASING = YES;
				CLANG_WARN_BOOL_CONVERSION = YES;
				CLANG_WARN_COMMA = YES;
				CLANG_WARN_CONSTANT_CONVERSION = YES;
				CLANG_WARN_DEPRECATED_OBJC_IMPLEMENTATIONS = YES;
				CLANG_WARN_DIRECT_OBJC_ISA_USAGE = YES_ERROR;
				CLANG_WARN_DOCUMENTATION_COMMENTS = YES;
				CLANG_WARN_EMPTY_BODY = YES;
				CLANG_WARN_ENUM_CONVERSION = YES;
				CLANG_WARN_INFINITE_RECURSION = YES;
				CLANG_WARN_INT_CONVERSION = YES;
				CLANG_WARN_NON_LITERAL_NULL_CONVERSION = YES;
				CLANG_WARN_OBJC_IMPLICIT_RETAIN_SELF = YES;
				CLANG_WARN_OBJC_LITERAL_CONVERSION = YES;
				CLANG_WARN_OBJC_ROOT_CLASS = YES_ERROR;
				CLANG_WARN_QUOTED_INCLUDE_IN_FRAMEWORK_HEADER = YES;
				CLANG_WARN_RANGE_LOOP_ANALYSIS = YES;
				CLANG_WARN_STRICT_PROTOTYPES = YES;
				CLANG_WARN_SUSPICIOUS_MOVE = YES;
				CLANG_WARN_UNGUARDED_AVAILABILITY = YES_AGGRESSIVE;
				CLANG_WARN_UNREACHABLE_CODE = YES;
				CLANG_WARN__DUPLICATE_METHOD_MATCH = YES;
				COPY_PHASE_STRIP = NO;
				DEBUG_INFORMATION_FORMAT = "dwarf-with-dsym";
				ENABLE_NS_ASSERTIONS = NO;
				ENABLE_STRICT_OBJC_MSGSEND = YES;
				ENABLE_USER_SCRIPT_SANDBOXING = YES;
				GCC_C_LANGUAGE_STANDARD = gnu17;
				GCC_NO_COMMON_BLOCKS = YES;
				GCC_WARN_64_TO_32_BIT_CONVERSION = YES;
				GCC_WARN_ABOUT_RETURN_TYPE = YES_ERROR;
				GCC_WARN_UNDECLARED_SELECTOR = YES;
				GCC_WARN_UNINITIALIZED_AUTOS = YES_AGGRESSIVE;
				GCC_WARN_UNUSED_FUNCTION = YES;
				GCC_WARN_UNUSED_VARIABLE = YES;
				IPHONEOS_DEPLOYMENT_TARGET = 17.4;
				LOCALIZATION_PREFERS_STRING_CATALOGS = YES;
				MTL_ENABLE_DEBUG_INFO = NO;
				MTL_FAST_MATH = YES;
				SDKROOT = iphoneos;
				SWIFT_COMPILATION_MODE = wholemodule;
				VALIDATE_PRODUCT = YES;
			};
			name = Release;
		};
		713234802C69B04100C1AC5D /* Debug */ = {
			isa = XCBuildConfiguration;
			buildSettings = {
				ASSETCATALOG_COMPILER_APPICON_NAME = AppIcon;
				ASSETCATALOG_COMPILER_GLOBAL_ACCENT_COLOR_NAME = AccentColor;
				CODE_SIGN_ENTITLEMENTS = "Exercise-for-Elderly/Exercise-for-Elderly.entitlements";
				CODE_SIGN_STYLE = Automatic;
				CURRENT_PROJECT_VERSION = 1;
				DEVELOPMENT_ASSET_PATHS = "\"Exercise-for-Elderly/Preview Content\"";
				DEVELOPMENT_TEAM = 9CXPD89H8W;
				ENABLE_PREVIEWS = YES;
				GENERATE_INFOPLIST_FILE = YES;
				INFOPLIST_KEY_UIApplicationSceneManifest_Generation = YES;
				INFOPLIST_KEY_UIApplicationSupportsIndirectInputEvents = YES;
				INFOPLIST_KEY_UILaunchScreen_Generation = YES;
				INFOPLIST_KEY_UISupportedInterfaceOrientations_iPad = "UIInterfaceOrientationPortrait UIInterfaceOrientationPortraitUpsideDown UIInterfaceOrientationLandscapeLeft UIInterfaceOrientationLandscapeRight";
				INFOPLIST_KEY_UISupportedInterfaceOrientations_iPhone = "UIInterfaceOrientationPortrait UIInterfaceOrientationLandscapeLeft UIInterfaceOrientationLandscapeRight";
				IPHONEOS_DEPLOYMENT_TARGET = 17.2;
				LD_RUNPATH_SEARCH_PATHS = (
					"$(inherited)",
					"@executable_path/Frameworks",
				);
				MARKETING_VERSION = 1.0;
				PRODUCT_BUNDLE_IDENTIFIER = "com.minitiga.Exercise-for-Elderly";
				PRODUCT_NAME = "$(TARGET_NAME)";
				SWIFT_EMIT_LOC_STRINGS = YES;
				SWIFT_VERSION = 5.0;
				TARGETED_DEVICE_FAMILY = "1,2";
			};
			name = Debug;
		};
		713234812C69B04100C1AC5D /* Release */ = {
			isa = XCBuildConfiguration;
			buildSettings = {
				ASSETCATALOG_COMPILER_APPICON_NAME = AppIcon;
				ASSETCATALOG_COMPILER_GLOBAL_ACCENT_COLOR_NAME = AccentColor;
				CODE_SIGN_ENTITLEMENTS = "Exercise-for-Elderly/Exercise-for-Elderly.entitlements";
				CODE_SIGN_STYLE = Automatic;
				CURRENT_PROJECT_VERSION = 1;
				DEVELOPMENT_ASSET_PATHS = "\"Exercise-for-Elderly/Preview Content\"";
				DEVELOPMENT_TEAM = 9CXPD89H8W;
				ENABLE_PREVIEWS = YES;
				GENERATE_INFOPLIST_FILE = YES;
				INFOPLIST_KEY_UIApplicationSceneManifest_Generation = YES;
				INFOPLIST_KEY_UIApplicationSupportsIndirectInputEvents = YES;
				INFOPLIST_KEY_UILaunchScreen_Generation = YES;
				INFOPLIST_KEY_UISupportedInterfaceOrientations_iPad = "UIInterfaceOrientationPortrait UIInterfaceOrientationPortraitUpsideDown UIInterfaceOrientationLandscapeLeft UIInterfaceOrientationLandscapeRight";
				INFOPLIST_KEY_UISupportedInterfaceOrientations_iPhone = "UIInterfaceOrientationPortrait UIInterfaceOrientationLandscapeLeft UIInterfaceOrientationLandscapeRight";
				IPHONEOS_DEPLOYMENT_TARGET = 17.2;
				LD_RUNPATH_SEARCH_PATHS = (
					"$(inherited)",
					"@executable_path/Frameworks",
				);
				MARKETING_VERSION = 1.0;
				PRODUCT_BUNDLE_IDENTIFIER = "com.minitiga.Exercise-for-Elderly";
				PRODUCT_NAME = "$(TARGET_NAME)";
				SWIFT_EMIT_LOC_STRINGS = YES;
				SWIFT_VERSION = 5.0;
				TARGETED_DEVICE_FAMILY = "1,2";
			};
			name = Release;
		};
/* End XCBuildConfiguration section */

/* Begin XCConfigurationList section */
		7132346C2C69B04000C1AC5D /* Build configuration list for PBXProject "Exercise-for-Elderly" */ = {
			isa = XCConfigurationList;
			buildConfigurations = (
				7132347D2C69B04100C1AC5D /* Debug */,
				7132347E2C69B04100C1AC5D /* Release */,
			);
			defaultConfigurationIsVisible = 0;
			defaultConfigurationName = Release;
		};
		7132347F2C69B04100C1AC5D /* Build configuration list for PBXNativeTarget "Exercise-for-Elderly" */ = {
			isa = XCConfigurationList;
			buildConfigurations = (
				713234802C69B04100C1AC5D /* Debug */,
				713234812C69B04100C1AC5D /* Release */,
			);
			defaultConfigurationIsVisible = 0;
			defaultConfigurationName = Release;
		};
/* End XCConfigurationList section */
	};
	rootObject = 713234692C69B04000C1AC5D /* Project object */;
}
